
Microsoft Visual Studio Solution File, Format Version 10.00
# Visual Studio 2008
Project("{E24C65DC-7377-472B-9ABA-BC803B73C61A}") = "Web", "Web", "{87838AB7-35F6-4EEF-90A8-3B2142BDE007}"
	ProjectSection(WebsiteProperties) = preProject
		TargetFramework = "3.5"
		Debug.AspNetCompiler.VirtualPath = "/Web"
		Debug.AspNetCompiler.PhysicalPath = "Web\"
		Debug.AspNetCompiler.TargetPath = "PrecompiledWeb\Web\"
		Debug.AspNetCompiler.Updateable = "true"
		Debug.AspNetCompiler.ForceOverwrite = "true"
		Debug.AspNetCompiler.FixedNames = "false"
		Debug.AspNetCompiler.Debug = "True"
		Release.AspNetCompiler.VirtualPath = "/Web"
		Release.AspNetCompiler.PhysicalPath = "Web\"
		Release.AspNetCompiler.TargetPath = "PrecompiledWeb\Web\"
		Release.AspNetCompiler.Updateable = "true"
		Release.AspNetCompiler.ForceOverwrite = "true"
		Release.AspNetCompiler.FixedNames = "false"
		Release.AspNetCompiler.Debug = "False"
		VWDPort = "52633"
	EndProjectSection
EndProject
Project("{FAE04EC0-301F-11D3-BF4B-00C04F79EFBC}") = "DataAccess", "DataAccess\DataAccess.csproj", "{7F6D613C-6357-4EBA-B759-4F7D88F4F770}"
EndProject
Project("{FAE04EC0-301F-11D3-BF4B-00C04F79EFBC}") = "Website", "Website\Website.csproj", "{78BF887F-AB5E-47FD-BF65-7974A3F3F978}"
EndProject
Global
	GlobalSection(SolutionConfigurationPlatforms) = preSolution
		Debug|.NET = Debug|.NET
		Debug|Any CPU = Debug|Any CPU
		Debug|Mixed Platforms = Debug|Mixed Platforms
		Release|.NET = Release|.NET
		Release|Any CPU = Release|Any CPU
		Release|Mixed Platforms = Release|Mixed Platforms
	EndGlobalSection
	GlobalSection(ProjectConfigurationPlatforms) = postSolution
		{87838AB7-35F6-4EEF-90A8-3B2142BDE007}.Debug|.NET.ActiveCfg = Debug|.NET
		{87838AB7-35F6-4EEF-90A8-3B2142BDE007}.Debug|.NET.Build.0 = Debug|.NET
		{87838AB7-35F6-4EEF-90A8-3B2142BDE007}.Debug|Any CPU.ActiveCfg = Debug|.NET
		{87838AB7-35F6-4EEF-90A8-3B2142BDE007}.Debug|Mixed Platforms.ActiveCfg = Debug|.NET
		{87838AB7-35F6-4EEF-90A8-3B2142BDE007}.Debug|Mixed Platforms.Build.0 = Debug|.NET
		{87838AB7-35F6-4EEF-90A8-3B2142BDE007}.Release|.NET.ActiveCfg = Debug|.NET
		{87838AB7-35F6-4EEF-90A8-3B2142BDE007}.Release|.NET.Build.0 = Debug|.NET
		{87838AB7-35F6-4EEF-90A8-3B2142BDE007}.Release|Any CPU.ActiveCfg = Debug|.NET
		{87838AB7-35F6-4EEF-90A8-3B2142BDE007}.Release|Mixed Platforms.ActiveCfg = Debug|.NET
		{87838AB7-35F6-4EEF-90A8-3B2142BDE007}.Release|Mixed Platforms.Build.0 = Debug|.NET
		{7F6D613C-6357-4EBA-B759-4F7D88F4F770}.Debug|.NET.ActiveCfg = Debug|Any CPU
		{7F6D613C-6357-4EBA-B759-4F7D88F4F770}.Debug|Any CPU.ActiveCfg = Debug|Any CPU
		{7F6D613C-6357-4EBA-B759-4F7D88F4F770}.Debug|Any CPU.Build.0 = Debug|Any CPU
		{7F6D613C-6357-4EBA-B759-4F7D88F4F770}.Debug|Mixed Platforms.ActiveCfg = Debug|Any CPU
		{7F6D613C-6357-4EBA-B759-4F7D88F4F770}.Debug|Mixed Platforms.Build.0 = Debug|Any CPU
		{7F6D613C-6357-4EBA-B759-4F7D88F4F770}.Release|.NET.ActiveCfg = Release|Any CPU
		{7F6D613C-6357-4EBA-B759-4F7D88F4F770}.Release|Any CPU.ActiveCfg = Release|Any CPU
		{7F6D613C-6357-4EBA-B759-4F7D88F4F770}.Release|Any CPU.Build.0 = Release|Any CPU
		{7F6D613C-6357-4EBA-B759-4F7D88F4F770}.Release|Mixed Platforms.ActiveCfg = Release|Any CPU
		{7F6D613C-6357-4EBA-B759-4F7D88F4F770}.Release|Mixed Platforms.Build.0 = Release|Any CPU
		{78BF887F-AB5E-47FD-BF65-7974A3F3F978}.Debug|.NET.ActiveCfg = Debug|Any CPU
		{78BF887F-AB5E-47FD-BF65-7974A3F3F978}.Debug|Any CPU.ActiveCfg = Debug|Any CPU
		{78BF887F-AB5E-47FD-BF65-7974A3F3F978}.Debug|Any CPU.Build.0 = Debug|Any CPU
		{78BF887F-AB5E-47FD-BF65-7974A3F3F978}.Debug|Mixed Platforms.ActiveCfg = Debug|Any CPU
		{78BF887F-AB5E-47FD-BF65-7974A3F3F978}.Debug|Mixed Platforms.Build.0 = Debug|Any CPU
		{78BF887F-AB5E-47FD-BF65-7974A3F3F978}.Release|.NET.ActiveCfg = Release|Any CPU
		{78BF887F-AB5E-47FD-BF65-7974A3F3F978}.Release|Any CPU.ActiveCfg = Release|Any CPU
		{78BF887F-AB5E-47FD-BF65-7974A3F3F978}.Release|Any CPU.Build.0 = Release|Any CPU
		{78BF887F-AB5E-47FD-BF65-7974A3F3F978}.Release|Mixed Platforms.ActiveCfg = Release|Any CPU
		{78BF887F-AB5E-47FD-BF65-7974A3F3F978}.Release|Mixed Platforms.Build.0 = Release|Any CPU
	EndGlobalSection
	GlobalSection(SolutionProperties) = preSolution
		HideSolutionNode = FALSE
	EndGlobalSection
EndGlobal
